
Microsoft Visual Studio Solution File, Format Version 12.00
# Visual Studio Version 17
VisualStudioVersion = 17.0.31903.59
MinimumVisualStudioVersion = 10.0.40219.1
Project("{2150E333-8FDC-42A3-9474-1A3956D46DE8}") = "src", "src", "{827E0CD3-B72D-47B6-A68D-7590B98EB39B}"
EndProject
Project("{FAE04EC0-301F-11D3-BF4B-00C04F79EFBC}") = "TalentPilot.Api", "src\TalentPilot.Api\TalentPilot.Api.csproj", "{84DE8C0D-2626-4C2F-A698-A24861D2FF02}"
EndProject
Project("{FAE04EC0-301F-11D3-BF4B-00C04F79EFBC}") = "TalentPilot.Worker", "src\TalentPilot.Worker\TalentPilot.Worker.csproj", "{411F2BEE-7110-4233-855A-4BAE37E099BA}"
EndProject
Project("{FAE04EC0-301F-11D3-BF4B-00C04F79EFBC}") = "TalentPilot.Application", "src\TalentPilot.Application\TalentPilot.Application.csproj", "{15EA286A-CEC2-4A1E-8F4D-6D1155ABCB90}"
EndProject
Project("{FAE04EC0-301F-11D3-BF4B-00C04F79EFBC}") = "TalentPilot.Common", "src\TalentPilot.Common\TalentPilot.Common.csproj", "{A50A9405-A6BC-4708-83E0-0F585EC4FF76}"
EndProject
Project("{FAE04EC0-301F-11D3-BF4B-00C04F79EFBC}") = "TalentPilot.Domain", "src\TalentPilot.Domain\TalentPilot.Domain.csproj", "{26DFF446-96BF-49F2-A7D7-0FC6A22ACC53}"
EndProject
Project("{FAE04EC0-301F-11D3-BF4B-00C04F79EFBC}") = "TalentPilot.Infrastructure", "src\TalentPilot.Infrastructure\TalentPilot.Infrastructure.csproj", "{575A730D-012E-4637-BCB0-4C696E192F7B}"
EndProject
Project("{FAE04EC0-301F-11D3-BF4B-00C04F79EFBC}") = "TalentPilot.Database", "src\TalentPilot.Database\TalentPilot.Database.csproj", "{30AD3596-453A-4239-A959-0F4B88D8C75C}"
EndProject
Project("{2150E333-8FDC-42A3-9474-1A3956D46DE8}") = "tests", "tests", "{9EBA0170-174F-4AFE-8062-408B57544684}"
EndProject
Project("{FAE04EC0-301F-11D3-BF4B-00C04F79EFBC}") = "TalentPilot.Tests", "tests\TalentPilot.Tests\TalentPilot.Tests.csproj", "{92F62424-A5C7-40BC-B891-39A3FD2A5322}"
EndProject
Global
	GlobalSection(SolutionConfigurationPlatforms) = preSolution
		Debug|Any CPU = Debug|Any CPU
		Debug|x64 = Debug|x64
		Debug|x86 = Debug|x86
		Release|Any CPU = Release|Any CPU
		Release|x64 = Release|x64
		Release|x86 = Release|x86
	EndGlobalSection
	GlobalSection(ProjectConfigurationPlatforms) = postSolution
		{84DE8C0D-2626-4C2F-A698-A24861D2FF02}.Debug|Any CPU.ActiveCfg = Debug|Any CPU
		{84DE8C0D-2626-4C2F-A698-A24861D2FF02}.Debug|Any CPU.Build.0 = Debug|Any CPU
		{84DE8C0D-2626-4C2F-A698-A24861D2FF02}.Debug|x64.ActiveCfg = Debug|Any CPU
		{84DE8C0D-2626-4C2F-A698-A24861D2FF02}.Debug|x64.Build.0 = Debug|Any CPU
		{84DE8C0D-2626-4C2F-A698-A24861D2FF02}.Debug|x86.ActiveCfg = Debug|Any CPU
		{84DE8C0D-2626-4C2F-A698-A24861D2FF02}.Debug|x86.Build.0 = Debug|Any CPU
		{84DE8C0D-2626-4C2F-A698-A24861D2FF02}.Release|Any CPU.ActiveCfg = Release|Any CPU
		{84DE8C0D-2626-4C2F-A698-A24861D2FF02}.Release|Any CPU.Build.0 = Release|Any CPU
		{84DE8C0D-2626-4C2F-A698-A24861D2FF02}.Release|x64.ActiveCfg = Release|Any CPU
		{84DE8C0D-2626-4C2F-A698-A24861D2FF02}.Release|x64.Build.0 = Release|Any CPU
		{84DE8C0D-2626-4C2F-A698-A24861D2FF02}.Release|x86.ActiveCfg = Release|Any CPU
		{84DE8C0D-2626-4C2F-A698-A24861D2FF02}.Release|x86.Build.0 = Release|Any CPU
		{411F2BEE-7110-4233-855A-4BAE37E099BA}.Debug|Any CPU.ActiveCfg = Debug|Any CPU
		{411F2BEE-7110-4233-855A-4BAE37E099BA}.Debug|Any CPU.Build.0 = Debug|Any CPU
		{411F2BEE-7110-4233-855A-4BAE37E099BA}.Debug|x64.ActiveCfg = Debug|Any CPU
		{411F2BEE-7110-4233-855A-4BAE37E099BA}.Debug|x64.Build.0 = Debug|Any CPU
		{411F2BEE-7110-4233-855A-4BAE37E099BA}.Debug|x86.ActiveCfg = Debug|Any CPU
		{411F2BEE-7110-4233-855A-4BAE37E099BA}.Debug|x86.Build.0 = Debug|Any CPU
		{411F2BEE-7110-4233-855A-4BAE37E099BA}.Release|Any CPU.ActiveCfg = Release|Any CPU
		{411F2BEE-7110-4233-855A-4BAE37E099BA}.Release|Any CPU.Build.0 = Release|Any CPU
		{411F2BEE-7110-4233-855A-4BAE37E099BA}.Release|x64.ActiveCfg = Release|Any CPU
		{411F2BEE-7110-4233-855A-4BAE37E099BA}.Release|x64.Build.0 = Release|Any CPU
		{411F2BEE-7110-4233-855A-4BAE37E099BA}.Release|x86.ActiveCfg = Release|Any CPU
		{411F2BEE-7110-4233-855A-4BAE37E099BA}.Release|x86.Build.0 = Release|Any CPU
		{15EA286A-CEC2-4A1E-8F4D-6D1155ABCB90}.Debug|Any CPU.ActiveCfg = Debug|Any CPU
		{15EA286A-CEC2-4A1E-8F4D-6D1155ABCB90}.Debug|Any CPU.Build.0 = Debug|Any CPU
		{15EA286A-CEC2-4A1E-8F4D-6D1155ABCB90}.Debug|x64.ActiveCfg = Debug|Any CPU
		{15EA286A-CEC2-4A1E-8F4D-6D1155ABCB90}.Debug|x64.Build.0 = Debug|Any CPU
		{15EA286A-CEC2-4A1E-8F4D-6D1155ABCB90}.Debug|x86.ActiveCfg = Debug|Any CPU
		{15EA286A-CEC2-4A1E-8F4D-6D1155ABCB90}.Debug|x86.Build.0 = Debug|Any CPU
		{15EA286A-CEC2-4A1E-8F4D-6D1155ABCB90}.Release|Any CPU.ActiveCfg = Release|Any CPU
		{15EA286A-CEC2-4A1E-8F4D-6D1155ABCB90}.Release|Any CPU.Build.0 = Release|Any CPU
		{15EA286A-CEC2-4A1E-8F4D-6D1155ABCB90}.Release|x64.ActiveCfg = Release|Any CPU
		{15EA286A-CEC2-4A1E-8F4D-6D1155ABCB90}.Release|x64.Build.0 = Release|Any CPU
		{15EA286A-CEC2-4A1E-8F4D-6D1155ABCB90}.Release|x86.ActiveCfg = Release|Any CPU
		{15EA286A-CEC2-4A1E-8F4D-6D1155ABCB90}.Release|x86.Build.0 = Release|Any CPU
		{A50A9405-A6BC-4708-83E0-0F585EC4FF76}.Debug|Any CPU.ActiveCfg = Debug|Any CPU
		{A50A9405-A6BC-4708-83E0-0F585EC4FF76}.Debug|Any CPU.Build.0 = Debug|Any CPU
		{A50A9405-A6BC-4708-83E0-0F585EC4FF76}.Debug|x64.ActiveCfg = Debug|Any CPU
		{A50A9405-A6BC-4708-83E0-0F585EC4FF76}.Debug|x64.Build.0 = Debug|Any CPU
		{A50A9405-A6BC-4708-83E0-0F585EC4FF76}.Debug|x86.ActiveCfg = Debug|Any CPU
		{A50A9405-A6BC-4708-83E0-0F585EC4FF76}.Debug|x86.Build.0 = Debug|Any CPU
		{A50A9405-A6BC-4708-83E0-0F585EC4FF76}.Release|Any CPU.ActiveCfg = Release|Any CPU
		{A50A9405-A6BC-4708-83E0-0F585EC4FF76}.Release|Any CPU.Build.0 = Release|Any CPU
		{A50A9405-A6BC-4708-83E0-0F585EC4FF76}.Release|x64.ActiveCfg = Release|Any CPU
		{A50A9405-A6BC-4708-83E0-0F585EC4FF76}.Release|x64.Build.0 = Release|Any CPU
		{A50A9405-A6BC-4708-83E0-0F585EC4FF76}.Release|x86.ActiveCfg = Release|Any CPU
		{A50A9405-A6BC-4708-83E0-0F585EC4FF76}.Release|x86.Build.0 = Release|Any CPU
		{26DFF446-96BF-49F2-A7D7-0FC6A22ACC53}.Debug|Any CPU.ActiveCfg = Debug|Any CPU
		{26DFF446-96BF-49F2-A7D7-0FC6A22ACC53}.Debug|Any CPU.Build.0 = Debug|Any CPU
		{26DFF446-96BF-49F2-A7D7-0FC6A22ACC53}.Debug|x64.ActiveCfg = Debug|Any CPU
		{26DFF446-96BF-49F2-A7D7-0FC6A22ACC53}.Debug|x64.Build.0 = Debug|Any CPU
		{26DFF446-96BF-49F2-A7D7-0FC6A22ACC53}.Debug|x86.ActiveCfg = Debug|Any CPU
		{26DFF446-96BF-49F2-A7D7-0FC6A22ACC53}.Debug|x86.Build.0 = Debug|Any CPU
		{26DFF446-96BF-49F2-A7D7-0FC6A22ACC53}.Release|Any CPU.ActiveCfg = Release|Any CPU
		{26DFF446-96BF-49F2-A7D7-0FC6A22ACC53}.Release|Any CPU.Build.0 = Release|Any CPU
		{26DFF446-96BF-49F2-A7D7-0FC6A22ACC53}.Release|x64.ActiveCfg = Release|Any CPU
		{26DFF446-96BF-49F2-A7D7-0FC6A22ACC53}.Release|x64.Build.0 = Release|Any CPU
		{26DFF446-96BF-49F2-A7D7-0FC6A22ACC53}.Release|x86.ActiveCfg = Release|Any CPU
		{26DFF446-96BF-49F2-A7D7-0FC6A22ACC53}.Release|x86.Build.0 = Release|Any CPU
		{575A730D-012E-4637-BCB0-4C696E192F7B}.Debug|Any CPU.ActiveCfg = Debug|Any CPU
		{575A730D-012E-4637-BCB0-4C696E192F7B}.Debug|Any CPU.Build.0 = Debug|Any CPU
		{575A730D-012E-4637-BCB0-4C696E192F7B}.Debug|x64.ActiveCfg = Debug|Any CPU
		{575A730D-012E-4637-BCB0-4C696E192F7B}.Debug|x64.Build.0 = Debug|Any CPU
		{575A730D-012E-4637-BCB0-4C696E192F7B}.Debug|x86.ActiveCfg = Debug|Any CPU
		{575A730D-012E-4637-BCB0-4C696E192F7B}.Debug|x86.Build.0 = Debug|Any CPU
		{575A730D-012E-4637-BCB0-4C696E192F7B}.Release|Any CPU.ActiveCfg = Release|Any CPU
		{575A730D-012E-4637-BCB0-4C696E192F7B}.Release|Any CPU.Build.0 = Release|Any CPU
		{575A730D-012E-4637-BCB0-4C696E192F7B}.Release|x64.ActiveCfg = Release|Any CPU
		{575A730D-012E-4637-BCB0-4C696E192F7B}.Release|x64.Build.0 = Release|Any CPU
		{575A730D-012E-4637-BCB0-4C696E192F7B}.Release|x86.ActiveCfg = Release|Any CPU
		{575A730D-012E-4637-BCB0-4C696E192F7B}.Release|x86.Build.0 = Release|Any CPU
		{30AD3596-453A-4239-A959-0F4B88D8C75C}.Debug|Any CPU.ActiveCfg = Debug|Any CPU
		{30AD3596-453A-4239-A959-0F4B88D8C75C}.Debug|Any CPU.Build.0 = Debug|Any CPU
		{30AD3596-453A-4239-A959-0F4B88D8C75C}.Debug|x64.ActiveCfg = Debug|Any CPU
		{30AD3596-453A-4239-A959-0F4B88D8C75C}.Debug|x64.Build.0 = Debug|Any CPU
		{30AD3596-453A-4239-A959-0F4B88D8C75C}.Debug|x86.ActiveCfg = Debug|Any CPU
		{30AD3596-453A-4239-A959-0F4B88D8C75C}.Debug|x86.Build.0 = Debug|Any CPU
		{30AD3596-453A-4239-A959-0F4B88D8C75C}.Release|Any CPU.ActiveCfg = Release|Any CPU
		{30AD3596-453A-4239-A959-0F4B88D8C75C}.Release|Any CPU.Build.0 = Release|Any CPU
		{30AD3596-453A-4239-A959-0F4B88D8C75C}.Release|x64.ActiveCfg = Release|Any CPU
		{30AD3596-453A-4239-A959-0F4B88D8C75C}.Release|x64.Build.0 = Release|Any CPU
		{30AD3596-453A-4239-A959-0F4B88D8C75C}.Release|x86.ActiveCfg = Release|Any CPU
		{30AD3596-453A-4239-A959-0F4B88D8C75C}.Release|x86.Build.0 = Release|Any CPU
		{92F62424-A5C7-40BC-B891-39A3FD2A5322}.Debug|Any CPU.ActiveCfg = Debug|Any CPU
		{92F62424-A5C7-40BC-B891-39A3FD2A5322}.Debug|Any CPU.Build.0 = Debug|Any CPU
		{92F62424-A5C7-40BC-B891-39A3FD2A5322}.Debug|x64.ActiveCfg = Debug|Any CPU
		{92F62424-A5C7-40BC-B891-39A3FD2A5322}.Debug|x64.Build.0 = Debug|Any CPU
		{92F62424-A5C7-40BC-B891-39A3FD2A5322}.Debug|x86.ActiveCfg = Debug|Any CPU
		{92F62424-A5C7-40BC-B891-39A3FD2A5322}.Debug|x86.Build.0 = Debug|Any CPU
		{92F62424-A5C7-40BC-B891-39A3FD2A5322}.Release|Any CPU.ActiveCfg = Release|Any CPU
		{92F62424-A5C7-40BC-B891-39A3FD2A5322}.Release|Any CPU.Build.0 = Release|Any CPU
		{92F62424-A5C7-40BC-B891-39A3FD2A5322}.Release|x64.ActiveCfg = Release|Any CPU
		{92F62424-A5C7-40BC-B891-39A3FD2A5322}.Release|x64.Build.0 = Release|Any CPU
		{92F62424-A5C7-40BC-B891-39A3FD2A5322}.Release|x86.ActiveCfg = Release|Any CPU
		{92F62424-A5C7-40BC-B891-39A3FD2A5322}.Release|x86.Build.0 = Release|Any CPU
	EndGlobalSection
	GlobalSection(SolutionProperties) = preSolution
		HideSolutionNode = FALSE
	EndGlobalSection
	GlobalSection(NestedProjects) = preSolution
		{84DE8C0D-2626-4C2F-A698-A24861D2FF02} = {827E0CD3-B72D-47B6-A68D-7590B98EB39B}
		{411F2BEE-7110-4233-855A-4BAE37E099BA} = {827E0CD3-B72D-47B6-A68D-7590B98EB39B}
		{15EA286A-CEC2-4A1E-8F4D-6D1155ABCB90} = {827E0CD3-B72D-47B6-A68D-7590B98EB39B}
		{A50A9405-A6BC-4708-83E0-0F585EC4FF76} = {827E0CD3-B72D-47B6-A68D-7590B98EB39B}
		{26DFF446-96BF-49F2-A7D7-0FC6A22ACC53} = {827E0CD3-B72D-47B6-A68D-7590B98EB39B}
		{575A730D-012E-4637-BCB0-4C696E192F7B} = {827E0CD3-B72D-47B6-A68D-7590B98EB39B}
		{30AD3596-453A-4239-A959-0F4B88D8C75C} = {827E0CD3-B72D-47B6-A68D-7590B98EB39B}
		{92F62424-A5C7-40BC-B891-39A3FD2A5322} = {9EBA0170-174F-4AFE-8062-408B57544684}
	EndGlobalSection
EndGlobal
